
Microsoft Visual Studio Solution File, Format Version 12.00
# Visual Studio Version 16
VisualStudioVersion = 16.0.30114.128
MinimumVisualStudioVersion = 10.0.40219.1
Project("{FAE04EC0-301F-11D3-BF4B-00C04F79EFBC}") = "HashIt", "HashIt.csproj", "{80F46682-62D4-43E2-8193-74A841FA2DDD}"
EndProject
Global
	GlobalSection(SolutionConfigurationPlatforms) = preSolution
		Debug|Any CPU = Debug|Any CPU
		Release|Any CPU = Release|Any CPU
	EndGlobalSection
	GlobalSection(ProjectConfigurationPlatforms) = postSolution
		{80F46682-62D4-43E2-8193-74A841FA2DDD}.Debug|Any CPU.ActiveCfg = Debug|Any CPU
		{80F46682-62D4-43E2-8193-74A841FA2DDD}.Debug|Any CPU.Build.0 = Debug|Any CPU
		{80F46682-62D4-43E2-8193-74A841FA2DDD}.Release|Any CPU.ActiveCfg = Release|Any CPU
		{80F46682-62D4-43E2-8193-74A841FA2DDD}.Release|Any CPU.Build.0 = Release|Any CPU
	EndGlobalSection
	GlobalSection(SolutionProperties) = preSolution
		HideSolutionNode = FALSE
	EndGlobalSection
	GlobalSection(ExtensibilityGlobals) = postSolution
		SolutionGuid = {6230A4A9-FED2-43B5-AE60-8C57E4F2F6E4}
	EndGlobalSection
EndGlobal
